<?xml version="1.0" encoding="UTF-8"?>
<!DOCTYPE plist PUBLIC "-//Apple//DTD PLIST 1.0//EN" "http://www.apple.com/DTDs/PropertyList-1.0.dtd">
<plist version="1.0">
<dict>
	<key>archiveVersion</key>
	<string>1</string>
	<key>classes</key>
	<dict/>
	<key>objectVersion</key>
	<string>46</string>
	<key>objects</key>
	<dict>
		<key>278592C726172E22A9F307FD</key>
		<dict>
			<key>buildActionMask</key>
			<string>2147483647</string>
			<key>files</key>
			<array/>
			<key>inputPaths</key>
			<array/>
			<key>isa</key>
			<string>PBXShellScriptBuildPhase</string>
			<key>name</key>
			<string>[CP] Copy Pods Resources</string>
			<key>outputPaths</key>
			<array/>
			<key>runOnlyForDeploymentPostprocessing</key>
			<string>0</string>
			<key>shellPath</key>
			<string>/bin/sh</string>
			<key>shellScript</key>
			<string>"${SRCROOT}/Pods/Target Support Files/Pods-IAlgebraYouTests/Pods-IAlgebraYouTests-resources.sh"
</string>
			<key>showEnvVarsInLog</key>
			<string>0</string>
		</dict>
		<key>2F1D4A3F294918BBC1920F72</key>
		<dict>
			<key>buildActionMask</key>
			<string>2147483647</string>
			<key>files</key>
			<array/>
			<key>inputPaths</key>
			<array/>
			<key>isa</key>
			<string>PBXShellScriptBuildPhase</string>
			<key>name</key>
			<string>[CP] Embed Pods Frameworks</string>
			<key>outputPaths</key>
			<array/>
			<key>runOnlyForDeploymentPostprocessing</key>
			<string>0</string>
			<key>shellPath</key>
			<string>/bin/sh</string>
			<key>shellScript</key>
			<string>"${SRCROOT}/Pods/Target Support Files/Pods-IAlgebraYou/Pods-IAlgebraYou-frameworks.sh"
</string>
			<key>showEnvVarsInLog</key>
			<string>0</string>
		</dict>
		<key>30D4AAA2BE574DEF9F545AE9</key>
		<dict>
			<key>includeInIndex</key>
			<string>1</string>
			<key>isa</key>
			<string>PBXFileReference</string>
			<key>lastKnownFileType</key>
			<string>text.xcconfig</string>
			<key>name</key>
			<string>Pods-IAlgebraYouTests.debug.xcconfig</string>
			<key>path</key>
			<string>Pods/Target Support Files/Pods-IAlgebraYouTests/Pods-IAlgebraYouTests.debug.xcconfig</string>
			<key>sourceTree</key>
			<string>&lt;group&gt;</string>
		</dict>
		<key>38748C6B9085E3556FECD9C3</key>
		<dict>
			<key>explicitFileType</key>
			<string>wrapper.framework</string>
			<key>includeInIndex</key>
			<string>0</string>
			<key>isa</key>
			<string>PBXFileReference</string>
			<key>path</key>
			<string>Pods_IAlgebraYou.framework</string>
			<key>sourceTree</key>
			<string>BUILT_PRODUCTS_DIR</string>
		</dict>
		<key>43DD0CF060780446DABB376A</key>
		<dict>
			<key>buildActionMask</key>
			<string>2147483647</string>
			<key>files</key>
			<array/>
			<key>inputPaths</key>
			<array/>
			<key>isa</key>
			<string>PBXShellScriptBuildPhase</string>
			<key>name</key>
			<string>[CP] Embed Pods Frameworks</string>
			<key>outputPaths</key>
			<array/>
			<key>runOnlyForDeploymentPostprocessing</key>
			<string>0</string>
			<key>shellPath</key>
			<string>/bin/sh</string>
			<key>shellScript</key>
			<string>"${SRCROOT}/Pods/Target Support Files/Pods-IAlgebraYouTests/Pods-IAlgebraYouTests-frameworks.sh"
</string>
			<key>showEnvVarsInLog</key>
			<string>0</string>
		</dict>
		<key>472E63D76FD59EB68EC49F3A</key>
		<dict>
			<key>buildActionMask</key>
			<string>2147483647</string>
			<key>files</key>
			<array/>
			<key>inputPaths</key>
			<array/>
			<key>isa</key>
			<string>PBXShellScriptBuildPhase</string>
			<key>name</key>
			<string>[CP] Copy Pods Resources</string>
			<key>outputPaths</key>
			<array/>
			<key>runOnlyForDeploymentPostprocessing</key>
			<string>0</string>
			<key>shellPath</key>
			<string>/bin/sh</string>
			<key>shellScript</key>
			<string>"${SRCROOT}/Pods/Target Support Files/Pods-IAlgebraYouUITests/Pods-IAlgebraYouUITests-resources.sh"
</string>
			<key>showEnvVarsInLog</key>
			<string>0</string>
		</dict>
		<key>4C1EB1CE1EE797300024176A</key>
		<dict>
			<key>children</key>
			<array>
				<string>4C1EB1D91EE797300024176A</string>
				<string>4C1EB1F11EE797310024176A</string>
				<string>4C1EB1FC1EE797310024176A</string>
				<string>4C1EB1D81EE797300024176A</string>
				<string>620CEB091F83C33CCDACCF71</string>
				<string>C6E41DB664A66D302D4E8492</string>
			</array>
			<key>isa</key>
			<string>PBXGroup</string>
			<key>sourceTree</key>
			<string>&lt;group&gt;</string>
		</dict>
		<key>4C1EB1CF1EE797300024176A</key>
		<dict>
			<key>attributes</key>
			<dict>
				<key>LastSwiftUpdateCheck</key>
				<string>0830</string>
				<key>LastUpgradeCheck</key>
				<string>0830</string>
				<key>ORGANIZATIONNAME</key>
				<string>DrDunkan</string>
				<key>TargetAttributes</key>
				<dict>
					<key>4C1EB1D61EE797300024176A</key>
					<dict>
						<key>CreatedOnToolsVersion</key>
						<string>8.3.3</string>
						<key>DevelopmentTeam</key>
						<string>SFKZW8UURV</string>
						<key>ProvisioningStyle</key>
						<string>Automatic</string>
					</dict>
					<key>4C1EB1ED1EE797310024176A</key>
					<dict>
						<key>CreatedOnToolsVersion</key>
						<string>8.3.3</string>
						<key>DevelopmentTeam</key>
						<string>SFKZW8UURV</string>
						<key>ProvisioningStyle</key>
						<string>Automatic</string>
						<key>TestTargetID</key>
						<string>4C1EB1D61EE797300024176A</string>
					</dict>
					<key>4C1EB1F81EE797310024176A</key>
					<dict>
						<key>CreatedOnToolsVersion</key>
						<string>8.3.3</string>
						<key>DevelopmentTeam</key>
						<string>SFKZW8UURV</string>
						<key>ProvisioningStyle</key>
						<string>Automatic</string>
						<key>TestTargetID</key>
						<string>4C1EB1D61EE797300024176A</string>
					</dict>
				</dict>
			</dict>
			<key>buildConfigurationList</key>
			<string>4C1EB1D21EE797300024176A</string>
			<key>compatibilityVersion</key>
			<string>Xcode 3.2</string>
			<key>developmentRegion</key>
			<string>English</string>
			<key>hasScannedForEncodings</key>
			<string>0</string>
			<key>isa</key>
			<string>PBXProject</string>
			<key>knownRegions</key>
			<array>
				<string>en</string>
				<string>Base</string>
			</array>
			<key>mainGroup</key>
			<string>4C1EB1CE1EE797300024176A</string>
			<key>productRefGroup</key>
			<string>4C1EB1D81EE797300024176A</string>
			<key>projectDirPath</key>
			<string></string>
			<key>projectReferences</key>
			<array/>
			<key>projectRoot</key>
			<string></string>
			<key>targets</key>
			<array>
				<string>4C1EB1D61EE797300024176A</string>
				<string>4C1EB1ED1EE797310024176A</string>
				<string>4C1EB1F81EE797310024176A</string>
			</array>
		</dict>
		<key>4C1EB1D21EE797300024176A</key>
		<dict>
			<key>buildConfigurations</key>
			<array>
				<string>4C1EB2001EE797310024176A</string>
				<string>4C1EB2011EE797310024176A</string>
			</array>
			<key>defaultConfigurationIsVisible</key>
			<string>0</string>
			<key>defaultConfigurationName</key>
			<string>Release</string>
			<key>isa</key>
			<string>XCConfigurationList</string>
		</dict>
		<key>4C1EB1D31EE797300024176A</key>
		<dict>
			<key>buildActionMask</key>
			<string>2147483647</string>
			<key>files</key>
			<array>
				<string>4C1EB1DD1EE797310024176A</string>
				<string>4C1EB1E31EE797310024176A</string>
				<string>4C1EB1DB1EE797310024176A</string>
			</array>
			<key>isa</key>
			<string>PBXSourcesBuildPhase</string>
			<key>runOnlyForDeploymentPostprocessing</key>
			<string>0</string>
		</dict>
		<key>4C1EB1D41EE797300024176A</key>
		<dict>
			<key>buildActionMask</key>
			<string>2147483647</string>
			<key>files</key>
			<array>
				<string>BDC9AE46CADD712B61860541</string>
			</array>
			<key>isa</key>
			<string>PBXFrameworksBuildPhase</string>
			<key>runOnlyForDeploymentPostprocessing</key>
			<string>0</string>
		</dict>
		<key>4C1EB1D51EE797300024176A</key>
		<dict>
			<key>buildActionMask</key>
			<string>2147483647</string>
			<key>files</key>
			<array>
				<string>4C1EB1E81EE797310024176A</string>
				<string>4C1EB20C1EEA4E360024176A</string>
				<string>4C1EB1E51EE797310024176A</string>
				<string>4C1EB1E01EE797310024176A</string>
			</array>
			<key>isa</key>
			<string>PBXResourcesBuildPhase</string>
			<key>runOnlyForDeploymentPostprocessing</key>
			<string>0</string>
		</dict>
		<key>4C1EB1D61EE797300024176A</key>
		<dict>
			<key>buildConfigurationList</key>
			<string>4C1EB2021EE797310024176A</string>
			<key>buildPhases</key>
			<array>
				<string>A72A1D7E4DFE126D7275B884</string>
				<string>4C1EB1D31EE797300024176A</string>
				<string>4C1EB1D41EE797300024176A</string>
				<string>4C1EB1D51EE797300024176A</string>
				<string>2F1D4A3F294918BBC1920F72</string>
				<string>7ED585B471AAFC06F1C3E962</string>
			</array>
			<key>buildRules</key>
			<array/>
			<key>dependencies</key>
			<array/>
			<key>isa</key>
			<string>PBXNativeTarget</string>
			<key>name</key>
			<string>IAlgebraYou</string>
			<key>productName</key>
			<string>IAlgebraYou</string>
			<key>productReference</key>
			<string>4C1EB1D71EE797300024176A</string>
			<key>productType</key>
			<string>com.apple.product-type.application</string>
		</dict>
		<key>4C1EB1D71EE797300024176A</key>
		<dict>
			<key>explicitFileType</key>
			<string>wrapper.application</string>
			<key>includeInIndex</key>
			<string>0</string>
			<key>isa</key>
			<string>PBXFileReference</string>
			<key>path</key>
			<string>IAlgebraYou.app</string>
			<key>sourceTree</key>
			<string>BUILT_PRODUCTS_DIR</string>
		</dict>
		<key>4C1EB1D81EE797300024176A</key>
		<dict>
			<key>children</key>
			<array>
				<string>4C1EB1D71EE797300024176A</string>
				<string>4C1EB1EE1EE797310024176A</string>
				<string>4C1EB1F91EE797310024176A</string>
			</array>
			<key>isa</key>
			<string>PBXGroup</string>
			<key>name</key>
			<string>Products</string>
			<key>sourceTree</key>
			<string>&lt;group&gt;</string>
		</dict>
		<key>4C1EB1D91EE797300024176A</key>
		<dict>
			<key>children</key>
			<array>
				<string>4C1EB1DA1EE797300024176A</string>
				<string>4C1EB1DC1EE797310024176A</string>
				<string>4C1EB1DE1EE797310024176A</string>
				<string>4C1EB1E41EE797310024176A</string>
				<string>4C1EB1E61EE797310024176A</string>
				<string>4C1EB1E91EE797310024176A</string>
				<string>4C1EB20B1EEA4E360024176A</string>
				<string>4C1EB1E11EE797310024176A</string>
			</array>
			<key>isa</key>
			<string>PBXGroup</string>
			<key>path</key>
			<string>IAlgebraYou</string>
			<key>sourceTree</key>
			<string>&lt;group&gt;</string>
		</dict>
		<key>4C1EB1DA1EE797300024176A</key>
		<dict>
			<key>isa</key>
			<string>PBXFileReference</string>
			<key>lastKnownFileType</key>
			<string>sourcecode.swift</string>
			<key>path</key>
			<string>AppDelegate.swift</string>
			<key>sourceTree</key>
			<string>&lt;group&gt;</string>
		</dict>
		<key>4C1EB1DB1EE797310024176A</key>
		<dict>
			<key>fileRef</key>
			<string>4C1EB1DA1EE797300024176A</string>
			<key>isa</key>
			<string>PBXBuildFile</string>
		</dict>
		<key>4C1EB1DC1EE797310024176A</key>
		<dict>
			<key>isa</key>
			<string>PBXFileReference</string>
			<key>lastKnownFileType</key>
			<string>sourcecode.swift</string>
			<key>path</key>
			<string>ViewController.swift</string>
			<key>sourceTree</key>
			<string>&lt;group&gt;</string>
		</dict>
		<key>4C1EB1DD1EE797310024176A</key>
		<dict>
			<key>fileRef</key>
			<string>4C1EB1DC1EE797310024176A</string>
			<key>isa</key>
			<string>PBXBuildFile</string>
		</dict>
		<key>4C1EB1DE1EE797310024176A</key>
		<dict>
			<key>children</key>
			<array>
				<string>4C1EB1DF1EE797310024176A</string>
			</array>
			<key>isa</key>
			<string>PBXVariantGroup</string>
			<key>name</key>
			<string>Main.storyboard</string>
			<key>sourceTree</key>
			<string>&lt;group&gt;</string>
		</dict>
		<key>4C1EB1DF1EE797310024176A</key>
		<dict>
			<key>isa</key>
			<string>PBXFileReference</string>
			<key>lastKnownFileType</key>
			<string>file.storyboard</string>
			<key>name</key>
			<string>Base</string>
			<key>path</key>
			<string>Base.lproj/Main.storyboard</string>
			<key>sourceTree</key>
			<string>&lt;group&gt;</string>
		</dict>
		<key>4C1EB1E01EE797310024176A</key>
		<dict>
			<key>fileRef</key>
			<string>4C1EB1DE1EE797310024176A</string>
			<key>isa</key>
			<string>PBXBuildFile</string>
		</dict>
		<key>4C1EB1E11EE797310024176A</key>
		<dict>
			<key>children</key>
			<array>
				<string>4C1EB1E21EE797310024176A</string>
			</array>
			<key>currentVersion</key>
			<string>4C1EB1E21EE797310024176A</string>
			<key>isa</key>
			<string>XCVersionGroup</string>
			<key>path</key>
			<string>IAlgebraYou.xcdatamodeld</string>
			<key>sourceTree</key>
			<string>&lt;group&gt;</string>
			<key>versionGroupType</key>
			<string>wrapper.xcdatamodel</string>
		</dict>
		<key>4C1EB1E21EE797310024176A</key>
		<dict>
			<key>isa</key>
			<string>PBXFileReference</string>
			<key>lastKnownFileType</key>
			<string>wrapper.xcdatamodel</string>
			<key>path</key>
			<string>IAlgebraYou.xcdatamodel</string>
			<key>sourceTree</key>
			<string>&lt;group&gt;</string>
		</dict>
		<key>4C1EB1E31EE797310024176A</key>
		<dict>
			<key>fileRef</key>
			<string>4C1EB1E11EE797310024176A</string>
			<key>isa</key>
			<string>PBXBuildFile</string>
		</dict>
		<key>4C1EB1E41EE797310024176A</key>
		<dict>
			<key>isa</key>
			<string>PBXFileReference</string>
			<key>lastKnownFileType</key>
			<string>folder.assetcatalog</string>
			<key>path</key>
			<string>Assets.xcassets</string>
			<key>sourceTree</key>
			<string>&lt;group&gt;</string>
		</dict>
		<key>4C1EB1E51EE797310024176A</key>
		<dict>
			<key>fileRef</key>
			<string>4C1EB1E41EE797310024176A</string>
			<key>isa</key>
			<string>PBXBuildFile</string>
		</dict>
		<key>4C1EB1E61EE797310024176A</key>
		<dict>
			<key>children</key>
			<array>
				<string>4C1EB1E71EE797310024176A</string>
			</array>
			<key>isa</key>
			<string>PBXVariantGroup</string>
			<key>name</key>
			<string>LaunchScreen.storyboard</string>
			<key>sourceTree</key>
			<string>&lt;group&gt;</string>
		</dict>
		<key>4C1EB1E71EE797310024176A</key>
		<dict>
			<key>isa</key>
			<string>PBXFileReference</string>
			<key>lastKnownFileType</key>
			<string>file.storyboard</string>
			<key>name</key>
			<string>Base</string>
			<key>path</key>
			<string>Base.lproj/LaunchScreen.storyboard</string>
			<key>sourceTree</key>
			<string>&lt;group&gt;</string>
		</dict>
		<key>4C1EB1E81EE797310024176A</key>
		<dict>
			<key>fileRef</key>
			<string>4C1EB1E61EE797310024176A</string>
			<key>isa</key>
			<string>PBXBuildFile</string>
		</dict>
		<key>4C1EB1E91EE797310024176A</key>
		<dict>
			<key>isa</key>
			<string>PBXFileReference</string>
			<key>lastKnownFileType</key>
			<string>text.plist.xml</string>
			<key>path</key>
			<string>Info.plist</string>
			<key>sourceTree</key>
			<string>&lt;group&gt;</string>
		</dict>
		<key>4C1EB1EA1EE797310024176A</key>
		<dict>
			<key>buildActionMask</key>
			<string>2147483647</string>
			<key>files</key>
			<array>
				<string>4C1EB1F31EE797310024176A</string>
			</array>
			<key>isa</key>
			<string>PBXSourcesBuildPhase</string>
			<key>runOnlyForDeploymentPostprocessing</key>
			<string>0</string>
		</dict>
		<key>4C1EB1EB1EE797310024176A</key>
		<dict>
			<key>buildActionMask</key>
			<string>2147483647</string>
			<key>files</key>
			<array>
				<string>D5A47E0CA9C1B5130F15E326</string>
			</array>
			<key>isa</key>
			<string>PBXFrameworksBuildPhase</string>
			<key>runOnlyForDeploymentPostprocessing</key>
			<string>0</string>
		</dict>
		<key>4C1EB1EC1EE797310024176A</key>
		<dict>
			<key>buildActionMask</key>
			<string>2147483647</string>
			<key>files</key>
			<array/>
			<key>isa</key>
			<string>PBXResourcesBuildPhase</string>
			<key>runOnlyForDeploymentPostprocessing</key>
			<string>0</string>
		</dict>
		<key>4C1EB1ED1EE797310024176A</key>
		<dict>
			<key>buildConfigurationList</key>
			<string>4C1EB2051EE797310024176A</string>
			<key>buildPhases</key>
			<array>
				<string>8F42D5312421AED2D824F1EB</string>
				<string>4C1EB1EA1EE797310024176A</string>
				<string>4C1EB1EB1EE797310024176A</string>
				<string>4C1EB1EC1EE797310024176A</string>
				<string>43DD0CF060780446DABB376A</string>
				<string>278592C726172E22A9F307FD</string>
			</array>
			<key>buildRules</key>
			<array/>
			<key>dependencies</key>
			<array>
				<string>4C1EB1F01EE797310024176A</string>
			</array>
			<key>isa</key>
			<string>PBXNativeTarget</string>
			<key>name</key>
			<string>IAlgebraYouTests</string>
			<key>productName</key>
			<string>IAlgebraYouTests</string>
			<key>productReference</key>
			<string>4C1EB1EE1EE797310024176A</string>
			<key>productType</key>
			<string>com.apple.product-type.bundle.unit-test</string>
		</dict>
		<key>4C1EB1EE1EE797310024176A</key>
		<dict>
			<key>explicitFileType</key>
			<string>wrapper.cfbundle</string>
			<key>includeInIndex</key>
			<string>0</string>
			<key>isa</key>
			<string>PBXFileReference</string>
			<key>path</key>
			<string>IAlgebraYouTests.xctest</string>
			<key>sourceTree</key>
			<string>BUILT_PRODUCTS_DIR</string>
		</dict>
		<key>4C1EB1EF1EE797310024176A</key>
		<dict>
			<key>containerPortal</key>
			<string>4C1EB1CF1EE797300024176A</string>
			<key>isa</key>
			<string>PBXContainerItemProxy</string>
			<key>proxyType</key>
			<string>1</string>
			<key>remoteGlobalIDString</key>
			<string>4C1EB1D61EE797300024176A</string>
			<key>remoteInfo</key>
			<string>IAlgebraYou</string>
		</dict>
		<key>4C1EB1F01EE797310024176A</key>
		<dict>
			<key>isa</key>
			<string>PBXTargetDependency</string>
			<key>target</key>
			<string>4C1EB1D61EE797300024176A</string>
			<key>targetProxy</key>
			<string>4C1EB1EF1EE797310024176A</string>
		</dict>
		<key>4C1EB1F11EE797310024176A</key>
		<dict>
			<key>children</key>
			<array>
				<string>4C1EB1F21EE797310024176A</string>
				<string>4C1EB1F41EE797310024176A</string>
			</array>
			<key>isa</key>
			<string>PBXGroup</string>
			<key>path</key>
			<string>IAlgebraYouTests</string>
			<key>sourceTree</key>
			<string>&lt;group&gt;</string>
		</dict>
		<key>4C1EB1F21EE797310024176A</key>
		<dict>
			<key>isa</key>
			<string>PBXFileReference</string>
			<key>lastKnownFileType</key>
			<string>sourcecode.swift</string>
			<key>path</key>
			<string>IAlgebraYouTests.swift</string>
			<key>sourceTree</key>
			<string>&lt;group&gt;</string>
		</dict>
		<key>4C1EB1F31EE797310024176A</key>
		<dict>
			<key>fileRef</key>
			<string>4C1EB1F21EE797310024176A</string>
			<key>isa</key>
			<string>PBXBuildFile</string>
		</dict>
		<key>4C1EB1F41EE797310024176A</key>
		<dict>
			<key>isa</key>
			<string>PBXFileReference</string>
			<key>lastKnownFileType</key>
			<string>text.plist.xml</string>
			<key>path</key>
			<string>Info.plist</string>
			<key>sourceTree</key>
			<string>&lt;group&gt;</string>
		</dict>
		<key>4C1EB1F51EE797310024176A</key>
		<dict>
			<key>buildActionMask</key>
			<string>2147483647</string>
			<key>files</key>
			<array>
				<string>4C1EB1FE1EE797310024176A</string>
			</array>
			<key>isa</key>
			<string>PBXSourcesBuildPhase</string>
			<key>runOnlyForDeploymentPostprocessing</key>
			<string>0</string>
		</dict>
		<key>4C1EB1F61EE797310024176A</key>
		<dict>
			<key>buildActionMask</key>
			<string>2147483647</string>
			<key>files</key>
			<array>
				<string>A61ED60E86303CBEADCD40FA</string>
			</array>
			<key>isa</key>
			<string>PBXFrameworksBuildPhase</string>
			<key>runOnlyForDeploymentPostprocessing</key>
			<string>0</string>
		</dict>
		<key>4C1EB1F71EE797310024176A</key>
		<dict>
			<key>buildActionMask</key>
			<string>2147483647</string>
			<key>files</key>
			<array/>
			<key>isa</key>
			<string>PBXResourcesBuildPhase</string>
			<key>runOnlyForDeploymentPostprocessing</key>
			<string>0</string>
		</dict>
		<key>4C1EB1F81EE797310024176A</key>
		<dict>
			<key>buildConfigurationList</key>
			<string>4C1EB2081EE797310024176A</string>
			<key>buildPhases</key>
			<array>
				<string>FEFED04594AA0B715C2056DE</string>
				<string>4C1EB1F51EE797310024176A</string>
				<string>4C1EB1F61EE797310024176A</string>
				<string>4C1EB1F71EE797310024176A</string>
				<string>472E63D76FD59EB68EC49F3A</string>
			</array>
			<key>buildRules</key>
			<array/>
			<key>dependencies</key>
			<array>
				<string>4C1EB1FB1EE797310024176A</string>
			</array>
			<key>isa</key>
			<string>PBXNativeTarget</string>
			<key>name</key>
			<string>IAlgebraYouUITests</string>
			<key>productName</key>
			<string>IAlgebraYouUITests</string>
			<key>productReference</key>
			<string>4C1EB1F91EE797310024176A</string>
			<key>productType</key>
			<string>com.apple.product-type.bundle.ui-testing</string>
		</dict>
		<key>4C1EB1F91EE797310024176A</key>
		<dict>
			<key>explicitFileType</key>
			<string>wrapper.cfbundle</string>
			<key>includeInIndex</key>
			<string>0</string>
			<key>isa</key>
			<string>PBXFileReference</string>
			<key>path</key>
			<string>IAlgebraYouUITests.xctest</string>
			<key>sourceTree</key>
			<string>BUILT_PRODUCTS_DIR</string>
		</dict>
		<key>4C1EB1FA1EE797310024176A</key>
		<dict>
			<key>containerPortal</key>
			<string>4C1EB1CF1EE797300024176A</string>
			<key>isa</key>
			<string>PBXContainerItemProxy</string>
			<key>proxyType</key>
			<string>1</string>
			<key>remoteGlobalIDString</key>
			<string>4C1EB1D61EE797300024176A</string>
			<key>remoteInfo</key>
			<string>IAlgebraYou</string>
		</dict>
		<key>4C1EB1FB1EE797310024176A</key>
		<dict>
			<key>isa</key>
			<string>PBXTargetDependency</string>
			<key>target</key>
			<string>4C1EB1D61EE797300024176A</string>
			<key>targetProxy</key>
			<string>4C1EB1FA1EE797310024176A</string>
		</dict>
		<key>4C1EB1FC1EE797310024176A</key>
		<dict>
			<key>children</key>
			<array>
				<string>4C1EB1FD1EE797310024176A</string>
				<string>4C1EB1FF1EE797310024176A</string>
			</array>
			<key>isa</key>
			<string>PBXGroup</string>
			<key>path</key>
			<string>IAlgebraYouUITests</string>
			<key>sourceTree</key>
			<string>&lt;group&gt;</string>
		</dict>
		<key>4C1EB1FD1EE797310024176A</key>
		<dict>
			<key>isa</key>
			<string>PBXFileReference</string>
			<key>lastKnownFileType</key>
			<string>sourcecode.swift</string>
			<key>path</key>
			<string>IAlgebraYouUITests.swift</string>
			<key>sourceTree</key>
			<string>&lt;group&gt;</string>
		</dict>
		<key>4C1EB1FE1EE797310024176A</key>
		<dict>
			<key>fileRef</key>
			<string>4C1EB1FD1EE797310024176A</string>
			<key>isa</key>
			<string>PBXBuildFile</string>
		</dict>
		<key>4C1EB1FF1EE797310024176A</key>
		<dict>
			<key>isa</key>
			<string>PBXFileReference</string>
			<key>lastKnownFileType</key>
			<string>text.plist.xml</string>
			<key>path</key>
			<string>Info.plist</string>
			<key>sourceTree</key>
			<string>&lt;group&gt;</string>
		</dict>
		<key>4C1EB2001EE797310024176A</key>
		<dict>
			<key>buildSettings</key>
			<dict>
				<key>ALWAYS_SEARCH_USER_PATHS</key>
				<string>NO</string>
				<key>CLANG_ANALYZER_NONNULL</key>
				<string>YES</string>
				<key>CLANG_ANALYZER_NUMBER_OBJECT_CONVERSION</key>
				<string>YES_AGGRESSIVE</string>
				<key>CLANG_CXX_LANGUAGE_STANDARD</key>
				<string>gnu++0x</string>
				<key>CLANG_CXX_LIBRARY</key>
				<string>libc++</string>
				<key>CLANG_ENABLE_MODULES</key>
				<string>YES</string>
				<key>CLANG_ENABLE_OBJC_ARC</key>
				<string>YES</string>
				<key>CLANG_WARN_BOOL_CONVERSION</key>
				<string>YES</string>
				<key>CLANG_WARN_CONSTANT_CONVERSION</key>
				<string>YES</string>
				<key>CLANG_WARN_DIRECT_OBJC_ISA_USAGE</key>
				<string>YES_ERROR</string>
				<key>CLANG_WARN_DOCUMENTATION_COMMENTS</key>
				<string>YES</string>
				<key>CLANG_WARN_EMPTY_BODY</key>
				<string>YES</string>
				<key>CLANG_WARN_ENUM_CONVERSION</key>
				<string>YES</string>
				<key>CLANG_WARN_INFINITE_RECURSION</key>
				<string>YES</string>
				<key>CLANG_WARN_INT_CONVERSION</key>
				<string>YES</string>
				<key>CLANG_WARN_OBJC_ROOT_CLASS</key>
				<string>YES_ERROR</string>
				<key>CLANG_WARN_SUSPICIOUS_MOVE</key>
				<string>YES</string>
				<key>CLANG_WARN_UNREACHABLE_CODE</key>
				<string>YES</string>
				<key>CLANG_WARN__DUPLICATE_METHOD_MATCH</key>
				<string>YES</string>
				<key>CODE_SIGN_IDENTITY[sdk=iphoneos*]</key>
				<string>iPhone Developer</string>
				<key>COPY_PHASE_STRIP</key>
				<string>NO</string>
				<key>DEBUG_INFORMATION_FORMAT</key>
				<string>dwarf</string>
				<key>ENABLE_STRICT_OBJC_MSGSEND</key>
				<string>YES</string>
				<key>ENABLE_TESTABILITY</key>
				<string>YES</string>
				<key>GCC_C_LANGUAGE_STANDARD</key>
				<string>gnu99</string>
				<key>GCC_DYNAMIC_NO_PIC</key>
				<string>NO</string>
				<key>GCC_NO_COMMON_BLOCKS</key>
				<string>YES</string>
				<key>GCC_OPTIMIZATION_LEVEL</key>
				<string>0</string>
				<key>GCC_PREPROCESSOR_DEFINITIONS</key>
				<array>
					<string>DEBUG=1</string>
					<string>$(inherited)</string>
				</array>
				<key>GCC_WARN_64_TO_32_BIT_CONVERSION</key>
				<string>YES</string>
				<key>GCC_WARN_ABOUT_RETURN_TYPE</key>
				<string>YES_ERROR</string>
				<key>GCC_WARN_UNDECLARED_SELECTOR</key>
				<string>YES</string>
				<key>GCC_WARN_UNINITIALIZED_AUTOS</key>
				<string>YES_AGGRESSIVE</string>
				<key>GCC_WARN_UNUSED_FUNCTION</key>
				<string>YES</string>
				<key>GCC_WARN_UNUSED_VARIABLE</key>
				<string>YES</string>
				<key>IPHONEOS_DEPLOYMENT_TARGET</key>
				<string>10.3</string>
				<key>MTL_ENABLE_DEBUG_INFO</key>
				<string>YES</string>
				<key>ONLY_ACTIVE_ARCH</key>
				<string>YES</string>
				<key>SDKROOT</key>
				<string>iphoneos</string>
				<key>SWIFT_ACTIVE_COMPILATION_CONDITIONS</key>
				<string>DEBUG</string>
				<key>SWIFT_OPTIMIZATION_LEVEL</key>
				<string>-Onone</string>
				<key>TARGETED_DEVICE_FAMILY</key>
				<string>1,2</string>
			</dict>
			<key>isa</key>
			<string>XCBuildConfiguration</string>
			<key>name</key>
			<string>Debug</string>
		</dict>
		<key>4C1EB2011EE797310024176A</key>
		<dict>
			<key>buildSettings</key>
			<dict>
				<key>ALWAYS_SEARCH_USER_PATHS</key>
				<string>NO</string>
				<key>CLANG_ANALYZER_NONNULL</key>
				<string>YES</string>
				<key>CLANG_ANALYZER_NUMBER_OBJECT_CONVERSION</key>
				<string>YES_AGGRESSIVE</string>
				<key>CLANG_CXX_LANGUAGE_STANDARD</key>
				<string>gnu++0x</string>
				<key>CLANG_CXX_LIBRARY</key>
				<string>libc++</string>
				<key>CLANG_ENABLE_MODULES</key>
				<string>YES</string>
				<key>CLANG_ENABLE_OBJC_ARC</key>
				<string>YES</string>
				<key>CLANG_WARN_BOOL_CONVERSION</key>
				<string>YES</string>
				<key>CLANG_WARN_CONSTANT_CONVERSION</key>
				<string>YES</string>
				<key>CLANG_WARN_DIRECT_OBJC_ISA_USAGE</key>
				<string>YES_ERROR</string>
				<key>CLANG_WARN_DOCUMENTATION_COMMENTS</key>
				<string>YES</string>
				<key>CLANG_WARN_EMPTY_BODY</key>
				<string>YES</string>
				<key>CLANG_WARN_ENUM_CONVERSION</key>
				<string>YES</string>
				<key>CLANG_WARN_INFINITE_RECURSION</key>
				<string>YES</string>
				<key>CLANG_WARN_INT_CONVERSION</key>
				<string>YES</string>
				<key>CLANG_WARN_OBJC_ROOT_CLASS</key>
				<string>YES_ERROR</string>
				<key>CLANG_WARN_SUSPICIOUS_MOVE</key>
				<string>YES</string>
				<key>CLANG_WARN_UNREACHABLE_CODE</key>
				<string>YES</string>
				<key>CLANG_WARN__DUPLICATE_METHOD_MATCH</key>
				<string>YES</string>
				<key>CODE_SIGN_IDENTITY[sdk=iphoneos*]</key>
				<string>iPhone Developer</string>
				<key>COPY_PHASE_STRIP</key>
				<string>NO</string>
				<key>DEBUG_INFORMATION_FORMAT</key>
				<string>dwarf-with-dsym</string>
				<key>ENABLE_NS_ASSERTIONS</key>
				<string>NO</string>
				<key>ENABLE_STRICT_OBJC_MSGSEND</key>
				<string>YES</string>
				<key>GCC_C_LANGUAGE_STANDARD</key>
				<string>gnu99</string>
				<key>GCC_NO_COMMON_BLOCKS</key>
				<string>YES</string>
				<key>GCC_WARN_64_TO_32_BIT_CONVERSION</key>
				<string>YES</string>
				<key>GCC_WARN_ABOUT_RETURN_TYPE</key>
				<string>YES_ERROR</string>
				<key>GCC_WARN_UNDECLARED_SELECTOR</key>
				<string>YES</string>
				<key>GCC_WARN_UNINITIALIZED_AUTOS</key>
				<string>YES_AGGRESSIVE</string>
				<key>GCC_WARN_UNUSED_FUNCTION</key>
				<string>YES</string>
				<key>GCC_WARN_UNUSED_VARIABLE</key>
				<string>YES</string>
				<key>IPHONEOS_DEPLOYMENT_TARGET</key>
				<string>10.3</string>
				<key>MTL_ENABLE_DEBUG_INFO</key>
				<string>NO</string>
				<key>SDKROOT</key>
				<string>iphoneos</string>
				<key>SWIFT_OPTIMIZATION_LEVEL</key>
				<string>-Owholemodule</string>
				<key>TARGETED_DEVICE_FAMILY</key>
				<string>1,2</string>
				<key>VALIDATE_PRODUCT</key>
				<string>YES</string>
			</dict>
			<key>isa</key>
			<string>XCBuildConfiguration</string>
			<key>name</key>
			<string>Release</string>
		</dict>
		<key>4C1EB2021EE797310024176A</key>
		<dict>
			<key>buildConfigurations</key>
			<array>
				<string>4C1EB2031EE797310024176A</string>
				<string>4C1EB2041EE797310024176A</string>
			</array>
			<key>defaultConfigurationIsVisible</key>
			<string>0</string>
			<key>defaultConfigurationName</key>
			<string>Release</string>
			<key>isa</key>
			<string>XCConfigurationList</string>
		</dict>
		<key>4C1EB2031EE797310024176A</key>
		<dict>
			<key>baseConfigurationReference</key>
			<string>8B1B6293219C92AD4CB71B7D</string>
			<key>buildSettings</key>
			<dict>
				<key>ASSETCATALOG_COMPILER_APPICON_NAME</key>
				<string>AppIcon</string>
				<key>DEVELOPMENT_TEAM</key>
				<string>SFKZW8UURV</string>
				<key>INFOPLIST_FILE</key>
				<string>IAlgebraYou/Info.plist</string>
				<key>LD_RUNPATH_SEARCH_PATHS</key>
				<string>$(inherited) @executable_path/Frameworks</string>
				<key>PRODUCT_BUNDLE_IDENTIFIER</key>
				<string>com.DrDunkan.IAlgebraYou</string>
				<key>PRODUCT_NAME</key>
				<string>$(TARGET_NAME)</string>
				<key>SWIFT_VERSION</key>
				<string>3.0</string>
			</dict>
			<key>isa</key>
			<string>XCBuildConfiguration</string>
			<key>name</key>
			<string>Debug</string>
		</dict>
		<key>4C1EB2041EE797310024176A</key>
		<dict>
			<key>baseConfigurationReference</key>
			<string>A0EA24CCEEF92E9A7F9DD878</string>
			<key>buildSettings</key>
			<dict>
				<key>ASSETCATALOG_COMPILER_APPICON_NAME</key>
				<string>AppIcon</string>
				<key>DEVELOPMENT_TEAM</key>
				<string>SFKZW8UURV</string>
				<key>INFOPLIST_FILE</key>
				<string>IAlgebraYou/Info.plist</string>
				<key>LD_RUNPATH_SEARCH_PATHS</key>
				<string>$(inherited) @executable_path/Frameworks</string>
				<key>PRODUCT_BUNDLE_IDENTIFIER</key>
				<string>com.DrDunkan.IAlgebraYou</string>
				<key>PRODUCT_NAME</key>
				<string>$(TARGET_NAME)</string>
				<key>SWIFT_VERSION</key>
				<string>3.0</string>
			</dict>
			<key>isa</key>
			<string>XCBuildConfiguration</string>
			<key>name</key>
			<string>Release</string>
		</dict>
		<key>4C1EB2051EE797310024176A</key>
		<dict>
			<key>buildConfigurations</key>
			<array>
				<string>4C1EB2061EE797310024176A</string>
				<string>4C1EB2071EE797310024176A</string>
			</array>
			<key>defaultConfigurationIsVisible</key>
			<string>0</string>
			<key>defaultConfigurationName</key>
			<string>Release</string>
			<key>isa</key>
			<string>XCConfigurationList</string>
		</dict>
		<key>4C1EB2061EE797310024176A</key>
		<dict>
			<key>baseConfigurationReference</key>
			<string>30D4AAA2BE574DEF9F545AE9</string>
			<key>buildSettings</key>
			<dict>
				<key>ALWAYS_EMBED_SWIFT_STANDARD_LIBRARIES</key>
				<string>YES</string>
				<key>BUNDLE_LOADER</key>
				<string>$(TEST_HOST)</string>
				<key>DEVELOPMENT_TEAM</key>
				<string>SFKZW8UURV</string>
				<key>INFOPLIST_FILE</key>
				<string>IAlgebraYouTests/Info.plist</string>
				<key>LD_RUNPATH_SEARCH_PATHS</key>
				<string>$(inherited) @executable_path/Frameworks @loader_path/Frameworks</string>
				<key>PRODUCT_BUNDLE_IDENTIFIER</key>
				<string>com.DrDunkan.IAlgebraYouTests</string>
				<key>PRODUCT_NAME</key>
				<string>$(TARGET_NAME)</string>
				<key>SWIFT_VERSION</key>
				<string>3.0</string>
				<key>TEST_HOST</key>
				<string>$(BUILT_PRODUCTS_DIR)/IAlgebraYou.app/IAlgebraYou</string>
			</dict>
			<key>isa</key>
			<string>XCBuildConfiguration</string>
			<key>name</key>
			<string>Debug</string>
		</dict>
		<key>4C1EB2071EE797310024176A</key>
		<dict>
			<key>baseConfigurationReference</key>
			<string>C36A10829F948C62FB8D5F99</string>
			<key>buildSettings</key>
			<dict>
				<key>ALWAYS_EMBED_SWIFT_STANDARD_LIBRARIES</key>
				<string>YES</string>
				<key>BUNDLE_LOADER</key>
				<string>$(TEST_HOST)</string>
				<key>DEVELOPMENT_TEAM</key>
				<string>SFKZW8UURV</string>
				<key>INFOPLIST_FILE</key>
				<string>IAlgebraYouTests/Info.plist</string>
				<key>LD_RUNPATH_SEARCH_PATHS</key>
				<string>$(inherited) @executable_path/Frameworks @loader_path/Frameworks</string>
				<key>PRODUCT_BUNDLE_IDENTIFIER</key>
				<string>com.DrDunkan.IAlgebraYouTests</string>
				<key>PRODUCT_NAME</key>
				<string>$(TARGET_NAME)</string>
				<key>SWIFT_VERSION</key>
				<string>3.0</string>
				<key>TEST_HOST</key>
				<string>$(BUILT_PRODUCTS_DIR)/IAlgebraYou.app/IAlgebraYou</string>
			</dict>
			<key>isa</key>
			<string>XCBuildConfiguration</string>
			<key>name</key>
			<string>Release</string>
		</dict>
		<key>4C1EB2081EE797310024176A</key>
		<dict>
			<key>buildConfigurations</key>
			<array>
				<string>4C1EB2091EE797310024176A</string>
				<string>4C1EB20A1EE797310024176A</string>
			</array>
			<key>defaultConfigurationIsVisible</key>
			<string>0</string>
			<key>defaultConfigurationName</key>
			<string>Release</string>
			<key>isa</key>
			<string>XCConfigurationList</string>
		</dict>
		<key>4C1EB2091EE797310024176A</key>
		<dict>
			<key>baseConfigurationReference</key>
			<string>F5C7139EF44F7C1935C02705</string>
			<key>buildSettings</key>
			<dict>
				<key>ALWAYS_EMBED_SWIFT_STANDARD_LIBRARIES</key>
				<string>YES</string>
				<key>DEVELOPMENT_TEAM</key>
				<string>SFKZW8UURV</string>
				<key>INFOPLIST_FILE</key>
				<string>IAlgebraYouUITests/Info.plist</string>
				<key>LD_RUNPATH_SEARCH_PATHS</key>
				<string>$(inherited) @executable_path/Frameworks @loader_path/Frameworks</string>
				<key>PRODUCT_BUNDLE_IDENTIFIER</key>
				<string>com.DrDunkan.IAlgebraYouUITests</string>
				<key>PRODUCT_NAME</key>
				<string>$(TARGET_NAME)</string>
				<key>SWIFT_VERSION</key>
				<string>3.0</string>
				<key>TEST_TARGET_NAME</key>
				<string>IAlgebraYou</string>
			</dict>
			<key>isa</key>
			<string>XCBuildConfiguration</string>
			<key>name</key>
			<string>Debug</string>
		</dict>
		<key>4C1EB20A1EE797310024176A</key>
		<dict>
			<key>baseConfigurationReference</key>
			<string>A41A50D82714A2DE11C87417</string>
			<key>buildSettings</key>
			<dict>
				<key>ALWAYS_EMBED_SWIFT_STANDARD_LIBRARIES</key>
				<string>YES</string>
				<key>DEVELOPMENT_TEAM</key>
				<string>SFKZW8UURV</string>
				<key>INFOPLIST_FILE</key>
				<string>IAlgebraYouUITests/Info.plist</string>
				<key>LD_RUNPATH_SEARCH_PATHS</key>
				<string>$(inherited) @executable_path/Frameworks @loader_path/Frameworks</string>
				<key>PRODUCT_BUNDLE_IDENTIFIER</key>
				<string>com.DrDunkan.IAlgebraYouUITests</string>
				<key>PRODUCT_NAME</key>
				<string>$(TARGET_NAME)</string>
				<key>SWIFT_VERSION</key>
				<string>3.0</string>
				<key>TEST_TARGET_NAME</key>
				<string>IAlgebraYou</string>
			</dict>
			<key>isa</key>
			<string>XCBuildConfiguration</string>
			<key>name</key>
			<string>Release</string>
		</dict>
		<key>4C1EB20B1EEA4E360024176A</key>
		<dict>
			<key>fileEncoding</key>
			<string>4</string>
			<key>isa</key>
			<string>PBXFileReference</string>
			<key>lastKnownFileType</key>
			<string>text.plist.xml</string>
			<key>path</key>
			<string>GoogleService-Info.plist</string>
			<key>sourceTree</key>
			<string>&lt;group&gt;</string>
		</dict>
		<key>4C1EB20C1EEA4E360024176A</key>
		<dict>
			<key>fileRef</key>
			<string>4C1EB20B1EEA4E360024176A</string>
			<key>isa</key>
			<string>PBXBuildFile</string>
		</dict>
		<key>620CEB091F83C33CCDACCF71</key>
		<dict>
			<key>children</key>
			<array>
				<string>8B1B6293219C92AD4CB71B7D</string>
				<string>A0EA24CCEEF92E9A7F9DD878</string>
				<string>30D4AAA2BE574DEF9F545AE9</string>
				<string>C36A10829F948C62FB8D5F99</string>
				<string>F5C7139EF44F7C1935C02705</string>
				<string>A41A50D82714A2DE11C87417</string>
			</array>
			<key>isa</key>
			<string>PBXGroup</string>
			<key>name</key>
			<string>Pods</string>
			<key>sourceTree</key>
			<string>&lt;group&gt;</string>
		</dict>
		<key>628C1859FFD6FF9641821ADF</key>
		<dict>
			<key>explicitFileType</key>
			<string>wrapper.framework</string>
			<key>includeInIndex</key>
			<string>0</string>
			<key>isa</key>
			<string>PBXFileReference</string>
			<key>path</key>
			<string>Pods_IAlgebraYouUITests.framework</string>
			<key>sourceTree</key>
			<string>BUILT_PRODUCTS_DIR</string>
		</dict>
		<key>7ED585B471AAFC06F1C3E962</key>
		<dict>
			<key>buildActionMask</key>
			<string>2147483647</string>
			<key>files</key>
			<array/>
			<key>inputPaths</key>
			<array/>
			<key>isa</key>
			<string>PBXShellScriptBuildPhase</string>
			<key>name</key>
			<string>[CP] Copy Pods Resources</string>
			<key>outputPaths</key>
			<array/>
			<key>runOnlyForDeploymentPostprocessing</key>
			<string>0</string>
			<key>shellPath</key>
			<string>/bin/sh</string>
			<key>shellScript</key>
			<string>"${SRCROOT}/Pods/Target Support Files/Pods-IAlgebraYou/Pods-IAlgebraYou-resources.sh"
</string>
			<key>showEnvVarsInLog</key>
			<string>0</string>
		</dict>
		<key>8B1B6293219C92AD4CB71B7D</key>
		<dict>
			<key>includeInIndex</key>
			<string>1</string>
			<key>isa</key>
			<string>PBXFileReference</string>
			<key>lastKnownFileType</key>
			<string>text.xcconfig</string>
			<key>name</key>
			<string>Pods-IAlgebraYou.debug.xcconfig</string>
			<key>path</key>
			<string>Pods/Target Support Files/Pods-IAlgebraYou/Pods-IAlgebraYou.debug.xcconfig</string>
			<key>sourceTree</key>
			<string>&lt;group&gt;</string>
		</dict>
		<key>8F42D5312421AED2D824F1EB</key>
		<dict>
			<key>buildActionMask</key>
			<string>2147483647</string>
			<key>files</key>
			<array/>
			<key>inputPaths</key>
			<array/>
			<key>isa</key>
			<string>PBXShellScriptBuildPhase</string>
			<key>name</key>
			<string>[CP] Check Pods Manifest.lock</string>
			<key>outputPaths</key>
			<array/>
			<key>runOnlyForDeploymentPostprocessing</key>
			<string>0</string>
			<key>shellPath</key>
			<string>/bin/sh</string>
			<key>shellScript</key>
			<string>diff "${PODS_ROOT}/../Podfile.lock" "${PODS_ROOT}/Manifest.lock" &gt; /dev/null
if [[ $? != 0 ]] ; then
    cat &lt;&lt; EOM
error: The sandbox is not in sync with the Podfile.lock. Run 'pod install' or update your CocoaPods installation.
EOM
    exit 1
fi
</string>
			<key>showEnvVarsInLog</key>
			<string>0</string>
		</dict>
		<key>A0EA24CCEEF92E9A7F9DD878</key>
		<dict>
			<key>includeInIndex</key>
			<string>1</string>
			<key>isa</key>
			<string>PBXFileReference</string>
			<key>lastKnownFileType</key>
			<string>text.xcconfig</string>
			<key>name</key>
			<string>Pods-IAlgebraYou.release.xcconfig</string>
			<key>path</key>
			<string>Pods/Target Support Files/Pods-IAlgebraYou/Pods-IAlgebraYou.release.xcconfig</string>
			<key>sourceTree</key>
			<string>&lt;group&gt;</string>
		</dict>
		<key>A41A50D82714A2DE11C87417</key>
		<dict>
			<key>includeInIndex</key>
			<string>1</string>
			<key>isa</key>
			<string>PBXFileReference</string>
			<key>lastKnownFileType</key>
			<string>text.xcconfig</string>
			<key>name</key>
			<string>Pods-IAlgebraYouUITests.release.xcconfig</string>
			<key>path</key>
			<string>Pods/Target Support Files/Pods-IAlgebraYouUITests/Pods-IAlgebraYouUITests.release.xcconfig</string>
			<key>sourceTree</key>
			<string>&lt;group&gt;</string>
		</dict>
		<key>A61ED60E86303CBEADCD40FA</key>
		<dict>
			<key>fileRef</key>
			<string>628C1859FFD6FF9641821ADF</string>
			<key>isa</key>
			<string>PBXBuildFile</string>
		</dict>
		<key>A72A1D7E4DFE126D7275B884</key>
		<dict>
			<key>buildActionMask</key>
			<string>2147483647</string>
			<key>files</key>
			<array/>
			<key>inputPaths</key>
			<array/>
			<key>isa</key>
			<string>PBXShellScriptBuildPhase</string>
			<key>name</key>
			<string>[CP] Check Pods Manifest.lock</string>
			<key>outputPaths</key>
			<array/>
			<key>runOnlyForDeploymentPostprocessing</key>
			<string>0</string>
			<key>shellPath</key>
			<string>/bin/sh</string>
			<key>shellScript</key>
			<string>diff "${PODS_ROOT}/../Podfile.lock" "${PODS_ROOT}/Manifest.lock" &gt; /dev/null
if [[ $? != 0 ]] ; then
    cat &lt;&lt; EOM
error: The sandbox is not in sync with the Podfile.lock. Run 'pod install' or update your CocoaPods installation.
EOM
    exit 1
fi
</string>
			<key>showEnvVarsInLog</key>
			<string>0</string>
		</dict>
		<key>B81EECD65BB7FB8F87C47DB4</key>
		<dict>
			<key>explicitFileType</key>
			<string>wrapper.framework</string>
			<key>includeInIndex</key>
			<string>0</string>
			<key>isa</key>
			<string>PBXFileReference</string>
			<key>path</key>
			<string>Pods_IAlgebraYouTests.framework</string>
			<key>sourceTree</key>
			<string>BUILT_PRODUCTS_DIR</string>
		</dict>
		<key>BDC9AE46CADD712B61860541</key>
		<dict>
			<key>fileRef</key>
			<string>38748C6B9085E3556FECD9C3</string>
			<key>isa</key>
			<string>PBXBuildFile</string>
		</dict>
		<key>C36A10829F948C62FB8D5F99</key>
		<dict>
			<key>includeInIndex</key>
			<string>1</string>
			<key>isa</key>
			<string>PBXFileReference</string>
			<key>lastKnownFileType</key>
			<string>text.xcconfig</string>
			<key>name</key>
			<string>Pods-IAlgebraYouTests.release.xcconfig</string>
			<key>path</key>
			<string>Pods/Target Support Files/Pods-IAlgebraYouTests/Pods-IAlgebraYouTests.release.xcconfig</string>
			<key>sourceTree</key>
			<string>&lt;group&gt;</string>
		</dict>
		<key>C6E41DB664A66D302D4E8492</key>
		<dict>
			<key>children</key>
			<array>
				<string>38748C6B9085E3556FECD9C3</string>
				<string>B81EECD65BB7FB8F87C47DB4</string>
				<string>628C1859FFD6FF9641821ADF</string>
			</array>
			<key>isa</key>
			<string>PBXGroup</string>
			<key>name</key>
			<string>Frameworks</string>
			<key>sourceTree</key>
			<string>&lt;group&gt;</string>
		</dict>
		<key>D5A47E0CA9C1B5130F15E326</key>
		<dict>
			<key>fileRef</key>
			<string>B81EECD65BB7FB8F87C47DB4</string>
			<key>isa</key>
			<string>PBXBuildFile</string>
		</dict>
		<key>F5C7139EF44F7C1935C02705</key>
		<dict>
			<key>includeInIndex</key>
			<string>1</string>
			<key>isa</key>
			<string>PBXFileReference</string>
			<key>lastKnownFileType</key>
			<string>text.xcconfig</string>
			<key>name</key>
			<string>Pods-IAlgebraYouUITests.debug.xcconfig</string>
			<key>path</key>
			<string>Pods/Target Support Files/Pods-IAlgebraYouUITests/Pods-IAlgebraYouUITests.debug.xcconfig</string>
			<key>sourceTree</key>
			<string>&lt;group&gt;</string>
		</dict>
		<key>FEFED04594AA0B715C2056DE</key>
		<dict>
			<key>buildActionMask</key>
			<string>2147483647</string>
			<key>files</key>
			<array/>
			<key>inputPaths</key>
			<array/>
			<key>isa</key>
			<string>PBXShellScriptBuildPhase</string>
			<key>name</key>
			<string>[CP] Check Pods Manifest.lock</string>
			<key>outputPaths</key>
			<array/>
			<key>runOnlyForDeploymentPostprocessing</key>
			<string>0</string>
			<key>shellPath</key>
			<string>/bin/sh</string>
			<key>shellScript</key>
			<string>diff "${PODS_ROOT}/../Podfile.lock" "${PODS_ROOT}/Manifest.lock" &gt; /dev/null
if [[ $? != 0 ]] ; then
    cat &lt;&lt; EOM
error: The sandbox is not in sync with the Podfile.lock. Run 'pod install' or update your CocoaPods installation.
EOM
    exit 1
fi
</string>
			<key>showEnvVarsInLog</key>
			<string>0</string>
		</dict>
	</dict>
	<key>rootObject</key>
	<string>4C1EB1CF1EE797300024176A</string>
</dict>
</plist>
